<?xml version="1.0" encoding="utf-8"?>
<Project ToolsVersion="4.0" xmlns="http://schemas.microsoft.com/developer/msbuild/2003">
  <ItemGroup>
    <FxCompile Include="BasicPixelShader.hlsl">
      <Filter>Shader</Filter>
    </FxCompile>
    <FxCompile Include="BasicVertexShader.hlsl">
      <Filter>Shader</Filter>
    </FxCompile>
    <FxCompile Include="CartoonPS.hlsl">
      <Filter>Shader</Filter>
    </FxCompile>
    <FxCompile Include="PBR_PixelShader.hlsl">
      <Filter>Shader</Filter>
    </FxCompile>
    <FxCompile Include="PS_Environment.hlsl">
      <Filter>Shader</Filter>
    </FxCompile>
    <FxCompile Include="VS_Environment.hlsl">
      <Filter>Shader</Filter>
    </FxCompile>
  </ItemGroup>
  <ItemGroup>
    <ClCompile Include="EnvironmentMeshComponent.cpp" />
    <ClCompile Include="Transform.cpp" />
    <ClCompile Include="TutorialApp.cpp" />
    <ClCompile Include="WinMain.cpp" />
    <ClCompile Include="Animator.cpp">
      <Filter>ModelResources</Filter>
    </ClCompile>
    <ClCompile Include="Material.cpp">
      <Filter>ModelResources</Filter>
    </ClCompile>
    <ClCompile Include="Mesh.cpp">
      <Filter>ModelResources</Filter>
    </ClCompile>
    <ClCompile Include="ModelResource.cpp">
      <Filter>ModelResources</Filter>
    </ClCompile>
    <ClCompile Include="Node.cpp">
      <Filter>ModelResources</Filter>
    </ClCompile>
    <ClCompile Include="NodeAnimation.cpp">
      <Filter>ModelResources</Filter>
    </ClCompile>
    <ClCompile Include="D3DRenderManager.cpp">
      <Filter>Managers</Filter>
    </ClCompile>
    <ClCompile Include="ResourceManager.cpp">
      <Filter>Managers</Filter>
    </ClCompile>
    <ClCompile Include="StaticMeshComponent.cpp">
      <Filter>Static</Filter>
    </ClCompile>
    <ClCompile Include="StaticMeshInstance.cpp">
      <Filter>Static</Filter>
    </ClCompile>
    <ClCompile Include="SkeletalMeshComponent.cpp">
      <Filter>Skeletal</Filter>
    </ClCompile>
    <ClCompile Include="SkeletalMeshInstance.cpp">
      <Filter>Skeletal</Filter>
    </ClCompile>
    <ClCompile Include="SkeletonResource.cpp">
      <Filter>Skeletal</Filter>
    </ClCompile>
  </ItemGroup>
  <ItemGroup>
    <ClInclude Include="EnvironmentMeshComponent.h" />
    <ClInclude Include="Transform.h" />
    <ClInclude Include="TutorialApp.h" />
    <ClInclude Include="framework.h">
      <Filter>etc</Filter>
    </ClInclude>
    <ClInclude Include="targetver.h">
      <Filter>etc</Filter>
    </ClInclude>
    <ClInclude Include="Animator.h">
      <Filter>ModelResources</Filter>
    </ClInclude>
    <ClInclude Include="Material.h">
      <Filter>ModelResources</Filter>
    </ClInclude>
    <ClInclude Include="Mesh.h">
      <Filter>ModelResources</Filter>
    </ClInclude>
    <ClInclude Include="ModelResource.h">
      <Filter>ModelResources</Filter>
    </ClInclude>
    <ClInclude Include="Node.h">
      <Filter>ModelResources</Filter>
    </ClInclude>
    <ClInclude Include="NodeAnimation.h">
      <Filter>ModelResources</Filter>
    </ClInclude>
    <ClInclude Include="Resource.h">
      <Filter>etc</Filter>
    </ClInclude>
    <ClInclude Include="D3DRenderManager.h">
      <Filter>Managers</Filter>
    </ClInclude>
    <ClInclude Include="ResourceManager.h">
      <Filter>Managers</Filter>
    </ClInclude>
    <ClInclude Include="StaticMeshComponent.h">
      <Filter>Static</Filter>
    </ClInclude>
    <ClInclude Include="StaticMeshInstance.h">
      <Filter>Static</Filter>
    </ClInclude>
    <ClInclude Include="SkeletalMeshComponent.h">
      <Filter>Skeletal</Filter>
    </ClInclude>
    <ClInclude Include="SkeletalMeshInstance.h">
      <Filter>Skeletal</Filter>
    </ClInclude>
    <ClInclude Include="SkeletonResource.h">
      <Filter>Skeletal</Filter>
    </ClInclude>
  </ItemGroup>
  <ItemGroup>
    <Image Include="01_Basic.ico">
      <Filter>etc</Filter>
    </Image>
    <Image Include="small.ico">
      <Filter>etc</Filter>
    </Image>
  </ItemGroup>
  <ItemGroup>
    <Filter Include="Shader">
      <UniqueIdentifier>{76f4eb51-f5f5-4608-91bc-9d77c449cc1c}</UniqueIdentifier>
    </Filter>
    <Filter Include="etc">
      <UniqueIdentifier>{b39a7476-f637-4de5-8db8-a7b13a27f73e}</UniqueIdentifier>
    </Filter>
    <Filter Include="ModelResources">
      <UniqueIdentifier>{c840f1b1-a073-4771-8f17-698ea82d944c}</UniqueIdentifier>
    </Filter>
    <Filter Include="Managers">
      <UniqueIdentifier>{3444b5e9-e768-4d35-a32c-ba858c1e1269}</UniqueIdentifier>
    </Filter>
    <Filter Include="Skeletal">
      <UniqueIdentifier>{ff7940bf-2cb0-41c0-b06f-2eb115ce544b}</UniqueIdentifier>
    </Filter>
    <Filter Include="Static">
      <UniqueIdentifier>{b8004ac7-9718-456c-9a0e-c8440aa84882}</UniqueIdentifier>
    </Filter>
  </ItemGroup>
  <ItemGroup>
    <ResourceCompile Include="01_Basic.rc">
      <Filter>etc</Filter>
    </ResourceCompile>
  </ItemGroup>
  <ItemGroup>
    <None Include="Shared.hlsli">
      <Filter>Shader</Filter>
    </None>
  </ItemGroup>
</Project>