
Microsoft Visual Studio Solution File, Format Version 12.00
# Visual Studio Version 17
VisualStudioVersion = 17.5.33424.131
MinimumVisualStudioVersion = 10.0.40219.1
Project("{8BC9CEB8-8B4A-11D0-8D11-00A0C91BC942}") = "D3D_Practice", "D3D_Practice\D3D_Practice.vcxproj", "{4B9E059D-85A8-4C23-A6DC-D9DB5216E979}"
EndProject
Project("{8BC9CEB8-8B4A-11D0-8D11-00A0C91BC942}") = "Common", "Common\Common.vcxproj", "{FD798B8F-8B7E-45A8-90C2-89D39D0DD801}"
EndProject
Project("{8BC9CEB8-8B4A-11D0-8D11-00A0C91BC942}") = "01_Basic", "01_Basic\01_Basic.vcxproj", "{E92BEF4E-948E-4148-A570-7B666659B390}"
EndProject
Project("{8BC9CEB8-8B4A-11D0-8D11-00A0C91BC942}") = "02_3DBox", "02_3DBox\02_3DBox.vcxproj", "{2B050081-6735-4DAB-83A1-063AE18AB9A8}"
EndProject
Project("{8BC9CEB8-8B4A-11D0-8D11-00A0C91BC942}") = "03_Texture", "03_Texture\03_Texture.vcxproj", "{36AFCCAA-C332-4525-9818-0EB9C49124C8}"
EndProject
Project("{8BC9CEB8-8B4A-11D0-8D11-00A0C91BC942}") = "04_Phong", "04_Phong\04_Phong.vcxproj", "{E857ADB0-E616-46B4-9BFD-40242710CDAB}"
EndProject
Project("{8BC9CEB8-8B4A-11D0-8D11-00A0C91BC942}") = "05_Normal_Map", "05_Normal_Map\05_Normal_Map.vcxproj", "{DA2D8B8D-85D3-4DEC-8EE0-3EBC5942B9CF}"
EndProject
Project("{8BC9CEB8-8B4A-11D0-8D11-00A0C91BC942}") = "06_FBX_Load", "06_FBX_Load\06_FBX_Load.vcxproj", "{8ACFC648-D3E0-47B8-8820-AC67FFBDD68F}"
EndProject
Project("{8BC9CEB8-8B4A-11D0-8D11-00A0C91BC942}") = "06_1_AssimpTest", "06_1_AssimpTest\06_1_AssimpTest.vcxproj", "{AA156C56-F1EA-4206-9145-E384AF1D3A98}"
EndProject
Project("{8BC9CEB8-8B4A-11D0-8D11-00A0C91BC942}") = "07_FBX_Animation", "07_FBX_Animation\07_FBX_Animation.vcxproj", "{9616888D-8B4C-47FA-A244-A3319C1A2A27}"
EndProject
Project("{8BC9CEB8-8B4A-11D0-8D11-00A0C91BC942}") = "08_FBX_SkinningAnim", "08_FBX_SkinningAnim\08_FBX_SkinningAnim.vcxproj", "{2DE93DF0-814B-48BA-BD9C-5B6011C912A6}"
EndProject
Project("{8BC9CEB8-8B4A-11D0-8D11-00A0C91BC942}") = "09_PBR_BDRF", "09_PBR_BDRF\09_PBR_BDRF.vcxproj", "{24C93085-CDF5-44E0-80C7-6255E9917365}"
EndProject
Project("{8BC9CEB8-8B4A-11D0-8D11-00A0C91BC942}") = "10_PBR_BDRF_ResourceMgr", "10_PBR_BDRF_ResourceMgr\10_PBR_BDRF_ResourceMgr.vcxproj", "{7E406979-37A6-4B1F-8FF9-93DEE9BD83CC}"
EndProject
Project("{8BC9CEB8-8B4A-11D0-8D11-00A0C91BC942}") = "11_PBR_IBL", "11_PBR_IBL\11_PBR_IBL.vcxproj", "{532B8AED-1A5E-4DDB-99CA-9CCE993886B2}"
EndProject
Project("{8BC9CEB8-8B4A-11D0-8D11-00A0C91BC942}") = "12_PointLight", "12_PointLight\12_PointLight.vcxproj", "{AED063B0-5185-4567-A0E2-92F1D402E5C0}"
EndProject
Project("{8BC9CEB8-8B4A-11D0-8D11-00A0C91BC942}") = "13_MRT", "13_MRT\13_MRT.vcxproj", "{B32437AF-0445-4C41-B88F-667A223DE7DA}"
EndProject
Global
	GlobalSection(SolutionConfigurationPlatforms) = preSolution
		Debug|x64 = Debug|x64
		Debug|x86 = Debug|x86
		Release|x64 = Release|x64
		Release|x86 = Release|x86
	EndGlobalSection
	GlobalSection(ProjectConfigurationPlatforms) = postSolution
		{4B9E059D-85A8-4C23-A6DC-D9DB5216E979}.Debug|x64.ActiveCfg = Debug|x64
		{4B9E059D-85A8-4C23-A6DC-D9DB5216E979}.Debug|x64.Build.0 = Debug|x64
		{4B9E059D-85A8-4C23-A6DC-D9DB5216E979}.Debug|x86.ActiveCfg = Debug|Win32
		{4B9E059D-85A8-4C23-A6DC-D9DB5216E979}.Debug|x86.Build.0 = Debug|Win32
		{4B9E059D-85A8-4C23-A6DC-D9DB5216E979}.Release|x64.ActiveCfg = Release|x64
		{4B9E059D-85A8-4C23-A6DC-D9DB5216E979}.Release|x64.Build.0 = Release|x64
		{4B9E059D-85A8-4C23-A6DC-D9DB5216E979}.Release|x86.ActiveCfg = Release|Win32
		{4B9E059D-85A8-4C23-A6DC-D9DB5216E979}.Release|x86.Build.0 = Release|Win32
		{FD798B8F-8B7E-45A8-90C2-89D39D0DD801}.Debug|x64.ActiveCfg = Debug|x64
		{FD798B8F-8B7E-45A8-90C2-89D39D0DD801}.Debug|x64.Build.0 = Debug|x64
		{FD798B8F-8B7E-45A8-90C2-89D39D0DD801}.Debug|x86.ActiveCfg = Debug|Win32
		{FD798B8F-8B7E-45A8-90C2-89D39D0DD801}.Debug|x86.Build.0 = Debug|Win32
		{FD798B8F-8B7E-45A8-90C2-89D39D0DD801}.Release|x64.ActiveCfg = Release|x64
		{FD798B8F-8B7E-45A8-90C2-89D39D0DD801}.Release|x64.Build.0 = Release|x64
		{FD798B8F-8B7E-45A8-90C2-89D39D0DD801}.Release|x86.ActiveCfg = Release|Win32
		{FD798B8F-8B7E-45A8-90C2-89D39D0DD801}.Release|x86.Build.0 = Release|Win32
		{E92BEF4E-948E-4148-A570-7B666659B390}.Debug|x64.ActiveCfg = Debug|x64
		{E92BEF4E-948E-4148-A570-7B666659B390}.Debug|x64.Build.0 = Debug|x64
		{E92BEF4E-948E-4148-A570-7B666659B390}.Debug|x86.ActiveCfg = Debug|Win32
		{E92BEF4E-948E-4148-A570-7B666659B390}.Debug|x86.Build.0 = Debug|Win32
		{E92BEF4E-948E-4148-A570-7B666659B390}.Release|x64.ActiveCfg = Release|x64
		{E92BEF4E-948E-4148-A570-7B666659B390}.Release|x64.Build.0 = Release|x64
		{E92BEF4E-948E-4148-A570-7B666659B390}.Release|x86.ActiveCfg = Release|Win32
		{E92BEF4E-948E-4148-A570-7B666659B390}.Release|x86.Build.0 = Release|Win32
		{2B050081-6735-4DAB-83A1-063AE18AB9A8}.Debug|x64.ActiveCfg = Debug|x64
		{2B050081-6735-4DAB-83A1-063AE18AB9A8}.Debug|x64.Build.0 = Debug|x64
		{2B050081-6735-4DAB-83A1-063AE18AB9A8}.Debug|x86.ActiveCfg = Debug|Win32
		{2B050081-6735-4DAB-83A1-063AE18AB9A8}.Debug|x86.Build.0 = Debug|Win32
		{2B050081-6735-4DAB-83A1-063AE18AB9A8}.Release|x64.ActiveCfg = Release|x64
		{2B050081-6735-4DAB-83A1-063AE18AB9A8}.Release|x64.Build.0 = Release|x64
		{2B050081-6735-4DAB-83A1-063AE18AB9A8}.Release|x86.ActiveCfg = Release|Win32
		{2B050081-6735-4DAB-83A1-063AE18AB9A8}.Release|x86.Build.0 = Release|Win32
		{36AFCCAA-C332-4525-9818-0EB9C49124C8}.Debug|x64.ActiveCfg = Debug|x64
		{36AFCCAA-C332-4525-9818-0EB9C49124C8}.Debug|x64.Build.0 = Debug|x64
		{36AFCCAA-C332-4525-9818-0EB9C49124C8}.Debug|x86.ActiveCfg = Debug|Win32
		{36AFCCAA-C332-4525-9818-0EB9C49124C8}.Debug|x86.Build.0 = Debug|Win32
		{36AFCCAA-C332-4525-9818-0EB9C49124C8}.Release|x64.ActiveCfg = Release|x64
		{36AFCCAA-C332-4525-9818-0EB9C49124C8}.Release|x64.Build.0 = Release|x64
		{36AFCCAA-C332-4525-9818-0EB9C49124C8}.Release|x86.ActiveCfg = Release|Win32
		{36AFCCAA-C332-4525-9818-0EB9C49124C8}.Release|x86.Build.0 = Release|Win32
		{E857ADB0-E616-46B4-9BFD-40242710CDAB}.Debug|x64.ActiveCfg = Debug|x64
		{E857ADB0-E616-46B4-9BFD-40242710CDAB}.Debug|x64.Build.0 = Debug|x64
		{E857ADB0-E616-46B4-9BFD-40242710CDAB}.Debug|x86.ActiveCfg = Debug|Win32
		{E857ADB0-E616-46B4-9BFD-40242710CDAB}.Debug|x86.Build.0 = Debug|Win32
		{E857ADB0-E616-46B4-9BFD-40242710CDAB}.Release|x64.ActiveCfg = Release|x64
		{E857ADB0-E616-46B4-9BFD-40242710CDAB}.Release|x64.Build.0 = Release|x64
		{E857ADB0-E616-46B4-9BFD-40242710CDAB}.Release|x86.ActiveCfg = Release|Win32
		{E857ADB0-E616-46B4-9BFD-40242710CDAB}.Release|x86.Build.0 = Release|Win32
		{DA2D8B8D-85D3-4DEC-8EE0-3EBC5942B9CF}.Debug|x64.ActiveCfg = Debug|x64
		{DA2D8B8D-85D3-4DEC-8EE0-3EBC5942B9CF}.Debug|x64.Build.0 = Debug|x64
		{DA2D8B8D-85D3-4DEC-8EE0-3EBC5942B9CF}.Debug|x86.ActiveCfg = Debug|Win32
		{DA2D8B8D-85D3-4DEC-8EE0-3EBC5942B9CF}.Debug|x86.Build.0 = Debug|Win32
		{DA2D8B8D-85D3-4DEC-8EE0-3EBC5942B9CF}.Release|x64.ActiveCfg = Release|x64
		{DA2D8B8D-85D3-4DEC-8EE0-3EBC5942B9CF}.Release|x64.Build.0 = Release|x64
		{DA2D8B8D-85D3-4DEC-8EE0-3EBC5942B9CF}.Release|x86.ActiveCfg = Release|Win32
		{DA2D8B8D-85D3-4DEC-8EE0-3EBC5942B9CF}.Release|x86.Build.0 = Release|Win32
		{8ACFC648-D3E0-47B8-8820-AC67FFBDD68F}.Debug|x64.ActiveCfg = Debug|x64
		{8ACFC648-D3E0-47B8-8820-AC67FFBDD68F}.Debug|x64.Build.0 = Debug|x64
		{8ACFC648-D3E0-47B8-8820-AC67FFBDD68F}.Debug|x86.ActiveCfg = Debug|Win32
		{8ACFC648-D3E0-47B8-8820-AC67FFBDD68F}.Debug|x86.Build.0 = Debug|Win32
		{8ACFC648-D3E0-47B8-8820-AC67FFBDD68F}.Release|x64.ActiveCfg = Release|x64
		{8ACFC648-D3E0-47B8-8820-AC67FFBDD68F}.Release|x64.Build.0 = Release|x64
		{8ACFC648-D3E0-47B8-8820-AC67FFBDD68F}.Release|x86.ActiveCfg = Release|Win32
		{8ACFC648-D3E0-47B8-8820-AC67FFBDD68F}.Release|x86.Build.0 = Release|Win32
		{AA156C56-F1EA-4206-9145-E384AF1D3A98}.Debug|x64.ActiveCfg = Debug|x64
		{AA156C56-F1EA-4206-9145-E384AF1D3A98}.Debug|x64.Build.0 = Debug|x64
		{AA156C56-F1EA-4206-9145-E384AF1D3A98}.Debug|x86.ActiveCfg = Debug|Win32
		{AA156C56-F1EA-4206-9145-E384AF1D3A98}.Debug|x86.Build.0 = Debug|Win32
		{AA156C56-F1EA-4206-9145-E384AF1D3A98}.Release|x64.ActiveCfg = Release|x64
		{AA156C56-F1EA-4206-9145-E384AF1D3A98}.Release|x64.Build.0 = Release|x64
		{AA156C56-F1EA-4206-9145-E384AF1D3A98}.Release|x86.ActiveCfg = Release|Win32
		{AA156C56-F1EA-4206-9145-E384AF1D3A98}.Release|x86.Build.0 = Release|Win32
		{9616888D-8B4C-47FA-A244-A3319C1A2A27}.Debug|x64.ActiveCfg = Debug|x64
		{9616888D-8B4C-47FA-A244-A3319C1A2A27}.Debug|x64.Build.0 = Debug|x64
		{9616888D-8B4C-47FA-A244-A3319C1A2A27}.Debug|x86.ActiveCfg = Debug|Win32
		{9616888D-8B4C-47FA-A244-A3319C1A2A27}.Debug|x86.Build.0 = Debug|Win32
		{9616888D-8B4C-47FA-A244-A3319C1A2A27}.Release|x64.ActiveCfg = Release|x64
		{9616888D-8B4C-47FA-A244-A3319C1A2A27}.Release|x64.Build.0 = Release|x64
		{9616888D-8B4C-47FA-A244-A3319C1A2A27}.Release|x86.ActiveCfg = Release|Win32
		{9616888D-8B4C-47FA-A244-A3319C1A2A27}.Release|x86.Build.0 = Release|Win32
		{2DE93DF0-814B-48BA-BD9C-5B6011C912A6}.Debug|x64.ActiveCfg = Debug|x64
		{2DE93DF0-814B-48BA-BD9C-5B6011C912A6}.Debug|x64.Build.0 = Debug|x64
		{2DE93DF0-814B-48BA-BD9C-5B6011C912A6}.Debug|x86.ActiveCfg = Debug|Win32
		{2DE93DF0-814B-48BA-BD9C-5B6011C912A6}.Debug|x86.Build.0 = Debug|Win32
		{2DE93DF0-814B-48BA-BD9C-5B6011C912A6}.Release|x64.ActiveCfg = Release|x64
		{2DE93DF0-814B-48BA-BD9C-5B6011C912A6}.Release|x64.Build.0 = Release|x64
		{2DE93DF0-814B-48BA-BD9C-5B6011C912A6}.Release|x86.ActiveCfg = Release|Win32
		{2DE93DF0-814B-48BA-BD9C-5B6011C912A6}.Release|x86.Build.0 = Release|Win32
		{24C93085-CDF5-44E0-80C7-6255E9917365}.Debug|x64.ActiveCfg = Debug|x64
		{24C93085-CDF5-44E0-80C7-6255E9917365}.Debug|x64.Build.0 = Debug|x64
		{24C93085-CDF5-44E0-80C7-6255E9917365}.Debug|x86.ActiveCfg = Debug|Win32
		{24C93085-CDF5-44E0-80C7-6255E9917365}.Debug|x86.Build.0 = Debug|Win32
		{24C93085-CDF5-44E0-80C7-6255E9917365}.Release|x64.ActiveCfg = Release|x64
		{24C93085-CDF5-44E0-80C7-6255E9917365}.Release|x64.Build.0 = Release|x64
		{24C93085-CDF5-44E0-80C7-6255E9917365}.Release|x86.ActiveCfg = Release|Win32
		{24C93085-CDF5-44E0-80C7-6255E9917365}.Release|x86.Build.0 = Release|Win32
		{7E406979-37A6-4B1F-8FF9-93DEE9BD83CC}.Debug|x64.ActiveCfg = Debug|x64
		{7E406979-37A6-4B1F-8FF9-93DEE9BD83CC}.Debug|x64.Build.0 = Debug|x64
		{7E406979-37A6-4B1F-8FF9-93DEE9BD83CC}.Debug|x86.ActiveCfg = Debug|Win32
		{7E406979-37A6-4B1F-8FF9-93DEE9BD83CC}.Debug|x86.Build.0 = Debug|Win32
		{7E406979-37A6-4B1F-8FF9-93DEE9BD83CC}.Release|x64.ActiveCfg = Release|x64
		{7E406979-37A6-4B1F-8FF9-93DEE9BD83CC}.Release|x64.Build.0 = Release|x64
		{7E406979-37A6-4B1F-8FF9-93DEE9BD83CC}.Release|x86.ActiveCfg = Release|Win32
		{7E406979-37A6-4B1F-8FF9-93DEE9BD83CC}.Release|x86.Build.0 = Release|Win32
		{532B8AED-1A5E-4DDB-99CA-9CCE993886B2}.Debug|x64.ActiveCfg = Debug|x64
		{532B8AED-1A5E-4DDB-99CA-9CCE993886B2}.Debug|x64.Build.0 = Debug|x64
		{532B8AED-1A5E-4DDB-99CA-9CCE993886B2}.Debug|x86.ActiveCfg = Debug|Win32
		{532B8AED-1A5E-4DDB-99CA-9CCE993886B2}.Debug|x86.Build.0 = Debug|Win32
		{532B8AED-1A5E-4DDB-99CA-9CCE993886B2}.Release|x64.ActiveCfg = Release|x64
		{532B8AED-1A5E-4DDB-99CA-9CCE993886B2}.Release|x64.Build.0 = Release|x64
		{532B8AED-1A5E-4DDB-99CA-9CCE993886B2}.Release|x86.ActiveCfg = Release|Win32
		{532B8AED-1A5E-4DDB-99CA-9CCE993886B2}.Release|x86.Build.0 = Release|Win32
		{AED063B0-5185-4567-A0E2-92F1D402E5C0}.Debug|x64.ActiveCfg = Debug|x64
		{AED063B0-5185-4567-A0E2-92F1D402E5C0}.Debug|x64.Build.0 = Debug|x64
		{AED063B0-5185-4567-A0E2-92F1D402E5C0}.Debug|x86.ActiveCfg = Debug|Win32
		{AED063B0-5185-4567-A0E2-92F1D402E5C0}.Debug|x86.Build.0 = Debug|Win32
		{AED063B0-5185-4567-A0E2-92F1D402E5C0}.Release|x64.ActiveCfg = Release|x64
		{AED063B0-5185-4567-A0E2-92F1D402E5C0}.Release|x64.Build.0 = Release|x64
		{AED063B0-5185-4567-A0E2-92F1D402E5C0}.Release|x86.ActiveCfg = Release|Win32
		{AED063B0-5185-4567-A0E2-92F1D402E5C0}.Release|x86.Build.0 = Release|Win32
		{B32437AF-0445-4C41-B88F-667A223DE7DA}.Debug|x64.ActiveCfg = Debug|x64
		{B32437AF-0445-4C41-B88F-667A223DE7DA}.Debug|x64.Build.0 = Debug|x64
		{B32437AF-0445-4C41-B88F-667A223DE7DA}.Debug|x86.ActiveCfg = Debug|Win32
		{B32437AF-0445-4C41-B88F-667A223DE7DA}.Debug|x86.Build.0 = Debug|Win32
		{B32437AF-0445-4C41-B88F-667A223DE7DA}.Release|x64.ActiveCfg = Release|x64
		{B32437AF-0445-4C41-B88F-667A223DE7DA}.Release|x64.Build.0 = Release|x64
		{B32437AF-0445-4C41-B88F-667A223DE7DA}.Release|x86.ActiveCfg = Release|Win32
		{B32437AF-0445-4C41-B88F-667A223DE7DA}.Release|x86.Build.0 = Release|Win32
	EndGlobalSection
	GlobalSection(SolutionProperties) = preSolution
		HideSolutionNode = FALSE
	EndGlobalSection
	GlobalSection(ExtensibilityGlobals) = postSolution
		SolutionGuid = {1145116E-C4C0-49B1-9480-7D08581DE9D7}
	EndGlobalSection
EndGlobal
