<?xml version="1.0" encoding="utf-8"?>
<Project ToolsVersion="4.0" xmlns="http://schemas.microsoft.com/developer/msbuild/2003">
  <ItemGroup>
    <FxCompile Include="BasicVertexShader.hlsl">
      <Filter>Shader</Filter>
    </FxCompile>
    <FxCompile Include="BasicPixelShader.hlsl">
      <Filter>Shader</Filter>
    </FxCompile>
  </ItemGroup>
  <ItemGroup>
    <ClCompile Include="Material.cpp" />
    <ClCompile Include="Mesh.cpp" />
    <ClCompile Include="TutorialApp.cpp" />
    <ClCompile Include="WinMain.cpp" />
  </ItemGroup>
  <ItemGroup>
    <ClInclude Include="Material.h" />
    <ClInclude Include="Mesh.h" />
    <ClInclude Include="Resource.h" />
    <ClInclude Include="TutorialApp.h" />
    <ClInclude Include="framework.h">
      <Filter>etc</Filter>
    </ClInclude>
    <ClInclude Include="targetver.h">
      <Filter>etc</Filter>
    </ClInclude>
  </ItemGroup>
  <ItemGroup>
    <Image Include="01_Basic.ico">
      <Filter>etc</Filter>
    </Image>
    <Image Include="small.ico">
      <Filter>etc</Filter>
    </Image>
  </ItemGroup>
  <ItemGroup>
    <Filter Include="Shader">
      <UniqueIdentifier>{dff622d4-a4e4-4ca3-8eea-99c88dd4fa47}</UniqueIdentifier>
    </Filter>
    <Filter Include="etc">
      <UniqueIdentifier>{32beb2eb-980c-42ea-9ca7-852966c22a5f}</UniqueIdentifier>
    </Filter>
  </ItemGroup>
  <ItemGroup>
    <None Include="Shared.hlsli">
      <Filter>Shader</Filter>
    </None>
  </ItemGroup>
  <ItemGroup>
    <ResourceCompile Include="01_Basic.rc">
      <Filter>etc</Filter>
    </ResourceCompile>
  </ItemGroup>
</Project>