<?xml version="1.0" encoding="utf-8"?>
<Project ToolsVersion="4.0" xmlns="http://schemas.microsoft.com/developer/msbuild/2003">
  <ItemGroup>
    <FxCompile Include="BasicPixelShader.hlsl">
      <Filter>Shader</Filter>
    </FxCompile>
    <FxCompile Include="BasicVertexShader.hlsl">
      <Filter>Shader</Filter>
    </FxCompile>
  </ItemGroup>
  <ItemGroup>
    <ClCompile Include="Material.cpp" />
    <ClCompile Include="Mesh.cpp" />
    <ClCompile Include="Model.cpp" />
    <ClCompile Include="Node.cpp" />
    <ClCompile Include="TutorialApp.cpp" />
    <ClCompile Include="WinMain.cpp" />
    <ClCompile Include="Animation.cpp">
      <Filter>Animation</Filter>
    </ClCompile>
    <ClCompile Include="NodeAnimation.cpp">
      <Filter>Animation</Filter>
    </ClCompile>
  </ItemGroup>
  <ItemGroup>
    <ClInclude Include="framework.h" />
    <ClInclude Include="Material.h" />
    <ClInclude Include="Mesh.h" />
    <ClInclude Include="Model.h" />
    <ClInclude Include="Node.h" />
    <ClInclude Include="TutorialApp.h" />
    <ClInclude Include="targetver.h">
      <Filter>etc</Filter>
    </ClInclude>
    <ClInclude Include="Resource.h">
      <Filter>etc</Filter>
    </ClInclude>
    <ClInclude Include="Animation.h">
      <Filter>Animation</Filter>
    </ClInclude>
    <ClInclude Include="NodeAnimation.h">
      <Filter>Animation</Filter>
    </ClInclude>
  </ItemGroup>
  <ItemGroup>
    <Image Include="01_Basic.ico">
      <Filter>etc</Filter>
    </Image>
    <Image Include="small.ico">
      <Filter>etc</Filter>
    </Image>
  </ItemGroup>
  <ItemGroup>
    <Filter Include="Shader">
      <UniqueIdentifier>{0ccf31e7-8a39-451e-9a38-2e53ee2ec861}</UniqueIdentifier>
    </Filter>
    <Filter Include="etc">
      <UniqueIdentifier>{a696afdc-1aba-4181-99aa-4ef3350ddc27}</UniqueIdentifier>
    </Filter>
    <Filter Include="Animation">
      <UniqueIdentifier>{8ba2f303-56c4-4aa9-b244-c7389d41db26}</UniqueIdentifier>
    </Filter>
  </ItemGroup>
  <ItemGroup>
    <None Include="Shared.hlsli">
      <Filter>Shader</Filter>
    </None>
  </ItemGroup>
  <ItemGroup>
    <ResourceCompile Include="01_Basic.rc">
      <Filter>etc</Filter>
    </ResourceCompile>
  </ItemGroup>
</Project>