<?xml version="1.0" encoding="utf-8"?>
<Project ToolsVersion="4.0" xmlns="http://schemas.microsoft.com/developer/msbuild/2003">
  <ItemGroup>
    <FxCompile Include="BasicVertexShader.hlsl">
      <Filter>Shader</Filter>
    </FxCompile>
    <FxCompile Include="BasicPixelShader.hlsl">
      <Filter>Shader</Filter>
    </FxCompile>
    <FxCompile Include="PBR_PixelShader.hlsl">
      <Filter>Shader</Filter>
    </FxCompile>
  </ItemGroup>
  <ItemGroup>
    <ClCompile Include="Animation.cpp" />
    <ClCompile Include="NodeAnimation.cpp" />
    <ClCompile Include="TutorialApp.cpp" />
    <ClCompile Include="WinMain.cpp" />
    <ClCompile Include="Material.cpp">
      <Filter>Model</Filter>
    </ClCompile>
    <ClCompile Include="Mesh.cpp">
      <Filter>Model</Filter>
    </ClCompile>
    <ClCompile Include="Model.cpp">
      <Filter>Model</Filter>
    </ClCompile>
    <ClCompile Include="Node.cpp">
      <Filter>Model</Filter>
    </ClCompile>
    <ClCompile Include="D3DRenderManager.cpp">
      <Filter>Manager</Filter>
    </ClCompile>
    <ClCompile Include="ResourceManager.cpp">
      <Filter>Manager</Filter>
    </ClCompile>
    <ClCompile Include="StaticMeshInstance.cpp" />
    <ClCompile Include="StaticMeshComponent.cpp" />
  </ItemGroup>
  <ItemGroup>
    <ClInclude Include="Animation.h" />
    <ClInclude Include="NodeAnimation.h" />
    <ClInclude Include="TutorialApp.h" />
    <ClInclude Include="targetver.h">
      <Filter>etc</Filter>
    </ClInclude>
    <ClInclude Include="Material.h">
      <Filter>Model</Filter>
    </ClInclude>
    <ClInclude Include="Mesh.h">
      <Filter>Model</Filter>
    </ClInclude>
    <ClInclude Include="Model.h">
      <Filter>Model</Filter>
    </ClInclude>
    <ClInclude Include="Node.h">
      <Filter>Model</Filter>
    </ClInclude>
    <ClInclude Include="framework.h">
      <Filter>etc</Filter>
    </ClInclude>
    <ClInclude Include="Resource.h">
      <Filter>etc</Filter>
    </ClInclude>
    <ClInclude Include="D3DRenderManager.h">
      <Filter>Manager</Filter>
    </ClInclude>
    <ClInclude Include="ResourceManager.h">
      <Filter>Manager</Filter>
    </ClInclude>
    <ClInclude Include="StaticMeshInstance.h" />
    <ClInclude Include="StaticMeshComponent.h" />
  </ItemGroup>
  <ItemGroup>
    <Image Include="01_Basic.ico">
      <Filter>etc</Filter>
    </Image>
    <Image Include="small.ico">
      <Filter>etc</Filter>
    </Image>
  </ItemGroup>
  <ItemGroup>
    <Filter Include="etc">
      <UniqueIdentifier>{5568fef9-5d29-48a6-9f7d-8d6022abf683}</UniqueIdentifier>
    </Filter>
    <Filter Include="Shader">
      <UniqueIdentifier>{0c88bb8c-f324-4756-b559-d4055f9b185a}</UniqueIdentifier>
    </Filter>
    <Filter Include="Model">
      <UniqueIdentifier>{63cd959a-a3fc-45da-8eff-55203e9d7546}</UniqueIdentifier>
    </Filter>
    <Filter Include="Manager">
      <UniqueIdentifier>{a0e146da-d317-46d4-b8c1-2cbd6bfa455c}</UniqueIdentifier>
    </Filter>
  </ItemGroup>
  <ItemGroup>
    <ResourceCompile Include="01_Basic.rc">
      <Filter>etc</Filter>
    </ResourceCompile>
  </ItemGroup>
  <ItemGroup>
    <None Include="Shared.hlsli">
      <Filter>Shader</Filter>
    </None>
  </ItemGroup>
</Project>