<?xml version="1.0" encoding="utf-8"?>
<Project ToolsVersion="4.0" xmlns="http://schemas.microsoft.com/developer/msbuild/2003">
  <ItemGroup>
    <FxCompile Include="BasicPixelShader.hlsl">
      <Filter>Shader</Filter>
    </FxCompile>
    <FxCompile Include="BasicVertexShader.hlsl">
      <Filter>Shader</Filter>
    </FxCompile>
    <FxCompile Include="PBR_PixelShader.hlsl">
      <Filter>Shader</Filter>
    </FxCompile>
  </ItemGroup>
  <ItemGroup>
    <ClCompile Include="Transform.cpp" />
    <ClCompile Include="TutorialApp.cpp" />
    <ClCompile Include="WinMain.cpp" />
    <ClCompile Include="D3DRenderManager.cpp">
      <Filter>Manager</Filter>
    </ClCompile>
    <ClCompile Include="ResourceManager.cpp">
      <Filter>Manager</Filter>
    </ClCompile>
    <ClCompile Include="Material.cpp">
      <Filter>Model_Resources</Filter>
    </ClCompile>
    <ClCompile Include="Mesh.cpp">
      <Filter>Model_Resources</Filter>
    </ClCompile>
    <ClCompile Include="ModelResource.cpp">
      <Filter>Model_Resources</Filter>
    </ClCompile>
    <ClCompile Include="Node.cpp">
      <Filter>Model_Resources</Filter>
    </ClCompile>
    <ClCompile Include="NodeAnimation.cpp">
      <Filter>Model_Resources</Filter>
    </ClCompile>
    <ClCompile Include="SkeletalMeshComponent.cpp">
      <Filter>SkeletalMesh</Filter>
    </ClCompile>
    <ClCompile Include="SkeletalMeshInstance.cpp">
      <Filter>SkeletalMesh</Filter>
    </ClCompile>
    <ClCompile Include="SkeletonResource.cpp">
      <Filter>Model_Resources</Filter>
    </ClCompile>
    <ClCompile Include="StaticMeshComponent.cpp">
      <Filter>StaticMesh</Filter>
    </ClCompile>
    <ClCompile Include="StaticMeshInstance.cpp">
      <Filter>StaticMesh</Filter>
    </ClCompile>
    <ClCompile Include="EnvironmentMeshComponent.cpp" />
  </ItemGroup>
  <ItemGroup>
    <ClInclude Include="Transform.h" />
    <ClInclude Include="TutorialApp.h" />
    <ClInclude Include="D3DRenderManager.h">
      <Filter>Manager</Filter>
    </ClInclude>
    <ClInclude Include="ResourceManager.h">
      <Filter>Manager</Filter>
    </ClInclude>
    <ClInclude Include="Material.h">
      <Filter>Model_Resources</Filter>
    </ClInclude>
    <ClInclude Include="Mesh.h">
      <Filter>Model_Resources</Filter>
    </ClInclude>
    <ClInclude Include="ModelResource.h">
      <Filter>Model_Resources</Filter>
    </ClInclude>
    <ClInclude Include="Node.h">
      <Filter>Model_Resources</Filter>
    </ClInclude>
    <ClInclude Include="NodeAnimation.h">
      <Filter>Model_Resources</Filter>
    </ClInclude>
    <ClInclude Include="framework.h">
      <Filter>etc</Filter>
    </ClInclude>
    <ClInclude Include="Resource.h">
      <Filter>etc</Filter>
    </ClInclude>
    <ClInclude Include="targetver.h">
      <Filter>etc</Filter>
    </ClInclude>
    <ClInclude Include="SkeletalMeshComponent.h">
      <Filter>SkeletalMesh</Filter>
    </ClInclude>
    <ClInclude Include="SkeletalMeshInstance.h">
      <Filter>SkeletalMesh</Filter>
    </ClInclude>
    <ClInclude Include="SkeletonResource.h">
      <Filter>Model_Resources</Filter>
    </ClInclude>
    <ClInclude Include="StaticMeshComponent.h">
      <Filter>StaticMesh</Filter>
    </ClInclude>
    <ClInclude Include="StaticMeshInstance.h">
      <Filter>StaticMesh</Filter>
    </ClInclude>
    <ClInclude Include="EnvironmentMeshComponent.h" />
  </ItemGroup>
  <ItemGroup>
    <Image Include="01_Basic.ico">
      <Filter>etc</Filter>
    </Image>
    <Image Include="small.ico">
      <Filter>etc</Filter>
    </Image>
  </ItemGroup>
  <ItemGroup>
    <Filter Include="Shader">
      <UniqueIdentifier>{7b20b910-78ff-49d7-b283-8bba0582f272}</UniqueIdentifier>
    </Filter>
    <Filter Include="etc">
      <UniqueIdentifier>{9a598612-3283-480b-8898-bdb001912ff1}</UniqueIdentifier>
    </Filter>
    <Filter Include="Model_Resources">
      <UniqueIdentifier>{c76a31f2-c306-4ce9-a900-ad03979c3e3f}</UniqueIdentifier>
    </Filter>
    <Filter Include="StaticMesh">
      <UniqueIdentifier>{934d754b-abf3-4860-8639-9b3363add341}</UniqueIdentifier>
    </Filter>
    <Filter Include="SkeletalMesh">
      <UniqueIdentifier>{6c7a5401-0e96-4954-8b67-0ba234f10169}</UniqueIdentifier>
    </Filter>
    <Filter Include="Manager">
      <UniqueIdentifier>{8e987cd1-05bf-4592-b35a-9342f0578c80}</UniqueIdentifier>
    </Filter>
  </ItemGroup>
  <ItemGroup>
    <None Include="Shared.hlsli">
      <Filter>Shader</Filter>
    </None>
  </ItemGroup>
  <ItemGroup>
    <ResourceCompile Include="01_Basic.rc">
      <Filter>etc</Filter>
    </ResourceCompile>
  </ItemGroup>
</Project>